
Microsoft Visual Studio Solution File, Format Version 12.00
# Visual Studio Version 16
VisualStudioVersion = 16.0.30907.101
MinimumVisualStudioVersion = 10.0.40219.1
Project("{FAE04EC0-301F-11D3-BF4B-00C04F79EFBC}") = "WpfApp1", "WpfApp1\WpfApp1.csproj", "{3BC76BFD-29AB-475D-8877-48731AA41A55}"
EndProject
Global
	GlobalSection(SolutionConfigurationPlatforms) = preSolution
		Debug|Any CPU = Debug|Any CPU
		Release|Any CPU = Release|Any CPU
	EndGlobalSection
	GlobalSection(ProjectConfigurationPlatforms) = postSolution
		{3BC76BFD-29AB-475D-8877-48731AA41A55}.Debug|Any CPU.ActiveCfg = Debug|Any CPU
		{3BC76BFD-29AB-475D-8877-48731AA41A55}.Debug|Any CPU.Build.0 = Debug|Any CPU
		{3BC76BFD-29AB-475D-8877-48731AA41A55}.Release|Any CPU.ActiveCfg = Release|Any CPU
		{3BC76BFD-29AB-475D-8877-48731AA41A55}.Release|Any CPU.Build.0 = Release|Any CPU
	EndGlobalSection
	GlobalSection(SolutionProperties) = preSolution
		HideSolutionNode = FALSE
	EndGlobalSection
	GlobalSection(ExtensibilityGlobals) = postSolution
		SolutionGuid = {88151455-A418-4672-9FE4-BE9831A42FA8}
	EndGlobalSection
EndGlobal
